# This file is automatically @generated by Poetry 1.7.1 and should not be changed by hand.

[[package]]
name = "bcrypt"
version = "3.2.0"
description = "Modern password hashing for your software and your servers"
optional = false
python-versions = ">=3.6"
files = [
    {file = "bcrypt-3.2.0-cp36-abi3-macosx_10_10_universal2.whl", hash = "sha256:b589229207630484aefe5899122fb938a5b017b0f4349f769b8c13e78d99a8fd"},
    {file = "bcrypt-3.2.0-cp36-abi3-macosx_10_9_x86_64.whl", hash = "sha256:c95d4cbebffafcdd28bd28bb4e25b31c50f6da605c81ffd9ad8a3d1b2ab7b1b6"},
    {file = "bcrypt-3.2.0-cp36-abi3-manylinux1_x86_64.whl", hash = "sha256:63d4e3ff96188e5898779b6057878fecf3f11cfe6ec3b313ea09955d587ec7a7"},
    {file = "bcrypt-3.2.0-cp36-abi3-manylinux2010_x86_64.whl", hash = "sha256:cd1ea2ff3038509ea95f687256c46b79f5fc382ad0aa3664d200047546d511d1"},
    {file = "bcrypt-3.2.0-cp36-abi3-manylinux2014_aarch64.whl", hash = "sha256:cdcdcb3972027f83fe24a48b1e90ea4b584d35f1cc279d76de6fc4b13376239d"},
    {file = "bcrypt-3.2.0-cp36-abi3-manylinux_2_17_x86_64.manylinux2014_x86_64.manylinux_2_24_x86_64.whl", hash = "sha256:a0584a92329210fcd75eb8a3250c5a941633f8bfaf2a18f81009b097732839b7"},
    {file = "bcrypt-3.2.0-cp36-abi3-musllinux_1_1_x86_64.whl", hash = "sha256:56e5da069a76470679f312a7d3d23deb3ac4519991a0361abc11da837087b61d"},
    {file = "bcrypt-3.2.0-cp36-abi3-win32.whl", hash = "sha256:a67fb841b35c28a59cebed05fbd3e80eea26e6d75851f0574a9273c80f3e9b55"},
    {file = "bcrypt-3.2.0-cp36-abi3-win_amd64.whl", hash = "sha256:81fec756feff5b6818ea7ab031205e1d323d8943d237303baca2c5f9c7846f34"},
    {file = "bcrypt-3.2.0.tar.gz", hash = "sha256:5b93c1726e50a93a033c36e5ca7fdcd29a5c7395af50a6892f5d9e7c6cfbfb29"},
]

[package.dependencies]
cffi = ">=1.1"
six = ">=1.4.1"

[package.extras]
tests = ["pytest (>=3.2.1,!=3.3.0)"]
typecheck = ["mypy"]

[[package]]
name = "certifi"
version = "2020.11.8"
description = "Python package for providing Mozilla's CA Bundle."
optional = false
python-versions = "*"
files = [
    {file = "certifi-2020.11.8-py2.py3-none-any.whl", hash = "sha256:1f422849db327d534e3d0c5f02a263458c3955ec0aae4ff09b95f195c59f4edd"},
    {file = "certifi-2020.11.8.tar.gz", hash = "sha256:f05def092c44fbf25834a51509ef6e631dc19765ab8a57b4e7ab85531f0a9cf4"},
]

[[package]]
name = "cffi"
version = "1.14.4"
description = "Foreign Function Interface for Python calling C code."
optional = false
python-versions = "*"
files = [
    {file = "cffi-1.14.4-cp27-cp27m-macosx_10_9_x86_64.whl", hash = "sha256:ebb253464a5d0482b191274f1c8bf00e33f7e0b9c66405fbffc61ed2c839c775"},
    {file = "cffi-1.14.4-cp27-cp27m-manylinux1_i686.whl", hash = "sha256:2c24d61263f511551f740d1a065eb0212db1dbbbbd241db758f5244281590c06"},
    {file = "cffi-1.14.4-cp27-cp27m-manylinux1_x86_64.whl", hash = "sha256:9f7a31251289b2ab6d4012f6e83e58bc3b96bd151f5b5262467f4bb6b34a7c26"},
    {file = "cffi-1.14.4-cp27-cp27m-win32.whl", hash = "sha256:5cf4be6c304ad0b6602f5c4e90e2f59b47653ac1ed9c662ed379fe48a8f26b0c"},
    {file = "cffi-1.14.4-cp27-cp27m-win_amd64.whl", hash = "sha256:f60567825f791c6f8a592f3c6e3bd93dd2934e3f9dac189308426bd76b00ef3b"},
    {file = "cffi-1.14.4-cp27-cp27mu-manylinux1_i686.whl", hash = "sha256:c6332685306b6417a91b1ff9fae889b3ba65c2292d64bd9245c093b1b284809d"},
    {file = "cffi-1.14.4-cp27-cp27mu-manylinux1_x86_64.whl", hash = "sha256:d9efd8b7a3ef378dd61a1e77367f1924375befc2eba06168b6ebfa903a5e59ca"},
    {file = "cffi-1.14.4-cp35-cp35m-macosx_10_9_x86_64.whl", hash = "sha256:51a8b381b16ddd370178a65360ebe15fbc1c71cf6f584613a7ea08bfad946698"},
    {file = "cffi-1.14.4-cp35-cp35m-manylinux1_i686.whl", hash = "sha256:1d2c4994f515e5b485fd6d3a73d05526aa0fcf248eb135996b088d25dfa1865b"},
    {file = "cffi-1.14.4-cp35-cp35m-manylinux1_x86_64.whl", hash = "sha256:af5c59122a011049aad5dd87424b8e65a80e4a6477419c0c1015f73fb5ea0293"},
    {file = "cffi-1.14.4-cp35-cp35m-win32.whl", hash = "sha256:594234691ac0e9b770aee9fcdb8fa02c22e43e5c619456efd0d6c2bf276f3eb2"},
    {file = "cffi-1.14.4-cp35-cp35m-win_amd64.whl", hash = "sha256:64081b3f8f6f3c3de6191ec89d7dc6c86a8a43911f7ecb422c60e90c70be41c7"},
    {file = "cffi-1.14.4-cp36-cp36m-macosx_10_9_x86_64.whl", hash = "sha256:f803eaa94c2fcda012c047e62bc7a51b0bdabda1cad7a92a522694ea2d76e49f"},
    {file = "cffi-1.14.4-cp36-cp36m-manylinux1_i686.whl", hash = "sha256:105abaf8a6075dc96c1fe5ae7aae073f4696f2905fde6aeada4c9d2926752362"},
    {file = "cffi-1.14.4-cp36-cp36m-manylinux1_x86_64.whl", hash = "sha256:0638c3ae1a0edfb77c6765d487fee624d2b1ee1bdfeffc1f0b58c64d149e7eec"},
    {file = "cffi-1.14.4-cp36-cp36m-manylinux2014_aarch64.whl", hash = "sha256:7c6b1dece89874d9541fc974917b631406233ea0440d0bdfbb8e03bf39a49b3b"},
    {file = "cffi-1.14.4-cp36-cp36m-win32.whl", hash = "sha256:155136b51fd733fa94e1c2ea5211dcd4c8879869008fc811648f16541bf99668"},
    {file = "cffi-1.14.4-cp36-cp36m-win_amd64.whl", hash = "sha256:6bc25fc545a6b3d57b5f8618e59fc13d3a3a68431e8ca5fd4c13241cd70d0009"},
    {file = "cffi-1.14.4-cp37-cp37m-macosx_10_9_x86_64.whl", hash = "sha256:a7711edca4dcef1a75257b50a2fbfe92a65187c47dab5a0f1b9b332c5919a3fb"},
    {file = "cffi-1.14.4-cp37-cp37m-manylinux1_i686.whl", hash = "sha256:00e28066507bfc3fe865a31f325c8391a1ac2916219340f87dfad602c3e48e5d"},
    {file = "cffi-1.14.4-cp37-cp37m-manylinux1_x86_64.whl", hash = "sha256:798caa2a2384b1cbe8a2a139d80734c9db54f9cc155c99d7cc92441a23871c03"},
    {file = "cffi-1.14.4-cp37-cp37m-manylinux2014_aarch64.whl", hash = "sha256:a5ed8c05548b54b998b9498753fb9cadbfd92ee88e884641377d8a8b291bcc01"},
    {file = "cffi-1.14.4-cp37-cp37m-win32.whl", hash = "sha256:00a1ba5e2e95684448de9b89888ccd02c98d512064b4cb987d48f4b40aa0421e"},
    {file = "cffi-1.14.4-cp37-cp37m-win_amd64.whl", hash = "sha256:9cc46bc107224ff5b6d04369e7c595acb700c3613ad7bcf2e2012f62ece80c35"},
    {file = "cffi-1.14.4-cp38-cp38-macosx_10_9_x86_64.whl", hash = "sha256:df5169c4396adc04f9b0a05f13c074df878b6052430e03f50e68adf3a57aa28d"},
    {file = "cffi-1.14.4-cp38-cp38-manylinux1_i686.whl", hash = "sha256:9ffb888f19d54a4d4dfd4b3f29bc2c16aa4972f1c2ab9c4ab09b8ab8685b9c2b"},
    {file = "cffi-1.14.4-cp38-cp38-manylinux1_x86_64.whl", hash = "sha256:8d6603078baf4e11edc4168a514c5ce5b3ba6e3e9c374298cb88437957960a53"},
    {file = "cffi-1.14.4-cp38-cp38-manylinux2014_aarch64.whl", hash = "sha256:d5ff0621c88ce83a28a10d2ce719b2ee85635e85c515f12bac99a95306da4b2e"},
    {file = "cffi-1.14.4-cp38-cp38-win32.whl", hash = "sha256:b4e248d1087abf9f4c10f3c398896c87ce82a9856494a7155823eb45a892395d"},
    {file = "cffi-1.14.4-cp38-cp38-win_amd64.whl", hash = "sha256:ec80dc47f54e6e9a78181ce05feb71a0353854cc26999db963695f950b5fb375"},
    {file = "cffi-1.14.4-cp39-cp39-macosx_10_9_x86_64.whl", hash = "sha256:840793c68105fe031f34d6a086eaea153a0cd5c491cde82a74b420edd0a2b909"},
    {file = "cffi-1.14.4-cp39-cp39-manylinux1_i686.whl", hash = "sha256:b18e0a9ef57d2b41f5c68beefa32317d286c3d6ac0484efd10d6e07491bb95dd"},
    {file = "cffi-1.14.4-cp39-cp39-manylinux1_x86_64.whl", hash = "sha256:045d792900a75e8b1e1b0ab6787dd733a8190ffcf80e8c8ceb2fb10a29ff238a"},
    {file = "cffi-1.14.4-cp39-cp39-manylinux2014_aarch64.whl", hash = "sha256:7ef7d4ced6b325e92eb4d3502946c78c5367bc416398d387b39591532536734e"},
    {file = "cffi-1.14.4-cp39-cp39-win32.whl", hash = "sha256:ba4e9e0ae13fc41c6b23299545e5ef73055213e466bd107953e4a013a5ddd7e3"},
    {file = "cffi-1.14.4-cp39-cp39-win_amd64.whl", hash = "sha256:f032b34669220030f905152045dfa27741ce1a6db3324a5bc0b96b6c7420c87b"},
    {file = "cffi-1.14.4.tar.gz", hash = "sha256:1a465cbe98a7fd391d47dce4b8f7e5b921e6cd805ef421d04f5f66ba8f06086c"},
]

[package.dependencies]
pycparser = "*"

[[package]]
name = "chardet"
version = "3.0.4"
description = "Universal encoding detector for Python 2 and 3"
optional = false
python-versions = "*"
files = [
    {file = "chardet-3.0.4-py2.py3-none-any.whl", hash = "sha256:fc323ffcaeaed0e0a02bf4d117757b98aed530d9ed4531e3e15460124c106691"},
    {file = "chardet-3.0.4.tar.gz", hash = "sha256:84ab92ed1c4d4f16916e05906b6b75a6c0fb5db821cc65e70cbd64a3e2a5eaae"},
]

[[package]]
name = "cryptography"
version = "42.0.2"
description = "cryptography is a package which provides cryptographic recipes and primitives to Python developers."
optional = false
python-versions = ">=3.7"
files = [
    {file = "cryptography-42.0.2-cp37-abi3-macosx_10_12_universal2.whl", hash = "sha256:701171f825dcab90969596ce2af253143b93b08f1a716d4b2a9d2db5084ef7be"},
    {file = "cryptography-42.0.2-cp37-abi3-macosx_10_12_x86_64.whl", hash = "sha256:61321672b3ac7aade25c40449ccedbc6db72c7f5f0fdf34def5e2f8b51ca530d"},
    {file = "cryptography-42.0.2-cp37-abi3-manylinux_2_17_aarch64.manylinux2014_aarch64.whl", hash = "sha256:ea2c3ffb662fec8bbbfce5602e2c159ff097a4631d96235fcf0fb00e59e3ece4"},
    {file = "cryptography-42.0.2-cp37-abi3-manylinux_2_17_x86_64.manylinux2014_x86_64.whl", hash = "sha256:3b15c678f27d66d247132cbf13df2f75255627bcc9b6a570f7d2fd08e8c081d2"},
    {file = "cryptography-42.0.2-cp37-abi3-manylinux_2_28_aarch64.whl", hash = "sha256:8e88bb9eafbf6a4014d55fb222e7360eef53e613215085e65a13290577394529"},
    {file = "cryptography-42.0.2-cp37-abi3-manylinux_2_28_x86_64.whl", hash = "sha256:a047682d324ba56e61b7ea7c7299d51e61fd3bca7dad2ccc39b72bd0118d60a1"},
    {file = "cryptography-42.0.2-cp37-abi3-musllinux_1_1_aarch64.whl", hash = "sha256:36d4b7c4be6411f58f60d9ce555a73df8406d484ba12a63549c88bd64f7967f1"},
    {file = "cryptography-42.0.2-cp37-abi3-musllinux_1_1_x86_64.whl", hash = "sha256:a00aee5d1b6c20620161984f8ab2ab69134466c51f58c052c11b076715e72929"},
    {file = "cryptography-42.0.2-cp37-abi3-musllinux_1_2_aarch64.whl", hash = "sha256:b97fe7d7991c25e6a31e5d5e795986b18fbbb3107b873d5f3ae6dc9a103278e9"},
    {file = "cryptography-42.0.2-cp37-abi3-musllinux_1_2_x86_64.whl", hash = "sha256:5fa82a26f92871eca593b53359c12ad7949772462f887c35edaf36f87953c0e2"},
    {file = "cryptography-42.0.2-cp37-abi3-win32.whl", hash = "sha256:4b063d3413f853e056161eb0c7724822a9740ad3caa24b8424d776cebf98e7ee"},
    {file = "cryptography-42.0.2-cp37-abi3-win_amd64.whl", hash = "sha256:841ec8af7a8491ac76ec5a9522226e287187a3107e12b7d686ad354bb78facee"},
    {file = "cryptography-42.0.2-cp39-abi3-macosx_10_12_universal2.whl", hash = "sha256:55d1580e2d7e17f45d19d3b12098e352f3a37fe86d380bf45846ef257054b242"},
    {file = "cryptography-42.0.2-cp39-abi3-manylinux_2_17_aarch64.manylinux2014_aarch64.whl", hash = "sha256:28cb2c41f131a5758d6ba6a0504150d644054fd9f3203a1e8e8d7ac3aea7f73a"},
    {file = "cryptography-42.0.2-cp39-abi3-manylinux_2_17_x86_64.manylinux2014_x86_64.whl", hash = "sha256:b9097a208875fc7bbeb1286d0125d90bdfed961f61f214d3f5be62cd4ed8a446"},
    {file = "cryptography-42.0.2-cp39-abi3-manylinux_2_28_aarch64.whl", hash = "sha256:44c95c0e96b3cb628e8452ec060413a49002a247b2b9938989e23a2c8291fc90"},
    {file = "cryptography-42.0.2-cp39-abi3-manylinux_2_28_x86_64.whl", hash = "sha256:2f9f14185962e6a04ab32d1abe34eae8a9001569ee4edb64d2304bf0d65c53f3"},
    {file = "cryptography-42.0.2-cp39-abi3-musllinux_1_1_aarch64.whl", hash = "sha256:09a77e5b2e8ca732a19a90c5bca2d124621a1edb5438c5daa2d2738bfeb02589"},
    {file = "cryptography-42.0.2-cp39-abi3-musllinux_1_1_x86_64.whl", hash = "sha256:ad28cff53f60d99a928dfcf1e861e0b2ceb2bc1f08a074fdd601b314e1cc9e0a"},
    {file = "cryptography-42.0.2-cp39-abi3-musllinux_1_2_aarch64.whl", hash = "sha256:130c0f77022b2b9c99d8cebcdd834d81705f61c68e91ddd614ce74c657f8b3ea"},
    {file = "cryptography-42.0.2-cp39-abi3-musllinux_1_2_x86_64.whl", hash = "sha256:fa3dec4ba8fb6e662770b74f62f1a0c7d4e37e25b58b2bf2c1be4c95372b4a33"},
    {file = "cryptography-42.0.2-cp39-abi3-win32.whl", hash = "sha256:3dbd37e14ce795b4af61b89b037d4bc157f2cb23e676fa16932185a04dfbf635"},
    {file = "cryptography-42.0.2-cp39-abi3-win_amd64.whl", hash = "sha256:8a06641fb07d4e8f6c7dda4fc3f8871d327803ab6542e33831c7ccfdcb4d0ad6"},
    {file = "cryptography-42.0.2-pp310-pypy310_pp73-macosx_10_12_x86_64.whl", hash = "sha256:087887e55e0b9c8724cf05361357875adb5c20dec27e5816b653492980d20380"},
    {file = "cryptography-42.0.2-pp310-pypy310_pp73-manylinux_2_28_aarch64.whl", hash = "sha256:a7ef8dd0bf2e1d0a27042b231a3baac6883cdd5557036f5e8df7139255feaac6"},
    {file = "cryptography-42.0.2-pp310-pypy310_pp73-manylinux_2_28_x86_64.whl", hash = "sha256:4383b47f45b14459cab66048d384614019965ba6c1a1a141f11b5a551cace1b2"},
    {file = "cryptography-42.0.2-pp310-pypy310_pp73-win_amd64.whl", hash = "sha256:fbeb725c9dc799a574518109336acccaf1303c30d45c075c665c0793c2f79a7f"},
    {file = "cryptography-42.0.2-pp39-pypy39_pp73-macosx_10_12_x86_64.whl", hash = "sha256:320948ab49883557a256eab46149df79435a22d2fefd6a66fe6946f1b9d9d008"},
    {file = "cryptography-42.0.2-pp39-pypy39_pp73-manylinux_2_28_aarch64.whl", hash = "sha256:5ef9bc3d046ce83c4bbf4c25e1e0547b9c441c01d30922d812e887dc5f125c12"},
    {file = "cryptography-42.0.2-pp39-pypy39_pp73-manylinux_2_28_x86_64.whl", hash = "sha256:52ed9ebf8ac602385126c9a2fe951db36f2cb0c2538d22971487f89d0de4065a"},
    {file = "cryptography-42.0.2-pp39-pypy39_pp73-win_amd64.whl", hash = "sha256:141e2aa5ba100d3788c0ad7919b288f89d1fe015878b9659b307c9ef867d3a65"},
    {file = "cryptography-42.0.2.tar.gz", hash = "sha256:e0ec52ba3c7f1b7d813cd52649a5b3ef1fc0d433219dc8c93827c57eab6cf888"},
]

[package.dependencies]
cffi = {version = ">=1.12", markers = "platform_python_implementation != \"PyPy\""}

[package.extras]
docs = ["sphinx (>=5.3.0)", "sphinx-rtd-theme (>=1.1.1)"]
docstest = ["pyenchant (>=1.6.11)", "readme-renderer", "sphinxcontrib-spelling (>=4.0.1)"]
nox = ["nox"]
pep8test = ["check-sdist", "click", "mypy", "ruff"]
sdist = ["build"]
ssh = ["bcrypt (>=3.1.5)"]
test = ["certifi", "pretend", "pytest (>=6.2.0)", "pytest-benchmark", "pytest-cov", "pytest-xdist"]
test-randomorder = ["pytest-randomly"]

[[package]]
name = "idna"
version = "2.10"
description = "Internationalized Domain Names in Applications (IDNA)"
optional = false
python-versions = ">=2.7, !=3.0.*, !=3.1.*, !=3.2.*, !=3.3.*"
files = [
    {file = "idna-2.10-py2.py3-none-any.whl", hash = "sha256:b97d804b1e9b523befed77c48dacec60e6dcb0b5391d57af6a65a312a90648c0"},
    {file = "idna-2.10.tar.gz", hash = "sha256:b307872f855b18632ce0c21c5e45be78c0ea7ae4c15c828c20788b26921eb3f6"},
]

[[package]]
name = "mysql-connector"
version = "2.2.9"
description = "MySQL driver written in Python"
optional = false
python-versions = "*"
files = [
    {file = "mysql-connector-2.2.9.tar.gz", hash = "sha256:1733e6ce52a049243de3264f1fbc22a852cb35458c4ad739ba88189285efdf32"},
]

[[package]]
name = "mysql-connector-python"
version = "8.0.22"
description = "MySQL driver written in Python"
optional = false
python-versions = "*"
files = [
    {file = "mysql-connector-python-8.0.22.tar.gz", hash = "sha256:8ee85cd6b99b236a8a27870f0e77ac8f55c4e2cb4015e8f6f3a221d5e8ec059a"},
    {file = "mysql_connector_python-8.0.22-cp27-cp27m-macosx_10_14_x86_64.whl", hash = "sha256:a01b6e25aadec1a6c76763073081a570b6dd663ac727462b6439aac05ae7afc4"},
    {file = "mysql_connector_python-8.0.22-cp27-cp27m-manylinux1_i686.whl", hash = "sha256:cadc3afc6dd1730479456ab0224a87932d3aaa59d1b550b1a514e28fb7c167dc"},
    {file = "mysql_connector_python-8.0.22-cp27-cp27m-manylinux1_x86_64.whl", hash = "sha256:8786b014f28690be6a6b2f50579a4fbaa2e01ca1fd9a276592a1224806b012a0"},
    {file = "mysql_connector_python-8.0.22-cp27-cp27mu-manylinux1_i686.whl", hash = "sha256:899cd65c3270b8e32a4507c8e9984417bc189f50481b583335596f62d3048651"},
    {file = "mysql_connector_python-8.0.22-cp27-cp27mu-manylinux1_x86_64.whl", hash = "sha256:a4762b325a638f0970cfb88daa560586d440c81b207b0c5b011f1edeac0c7c02"},
    {file = "mysql_connector_python-8.0.22-cp35-cp35m-macosx_10_14_x86_64.whl", hash = "sha256:727d5d66c5e7b9cac98b64960213e7d63541db544f39a1edd25b50b5c4226c33"},
    {file = "mysql_connector_python-8.0.22-cp35-cp35m-manylinux1_i686.whl", hash = "sha256:af326728682ac80d9d8e242aa2667bb0f58fee3842945168ddc5a01880a50d59"},
    {file = "mysql_connector_python-8.0.22-cp35-cp35m-manylinux1_x86_64.whl", hash = "sha256:bddfd9d6937e1c4a83ff30b33746ece63cdab79d02debde751dcf14904b57e72"},
    {file = "mysql_connector_python-8.0.22-cp35-cp35m-win_amd64.whl", hash = "sha256:4679e4f5af7b422452fa7ab30b61be071207c049bacf7087223eddd46b3861b8"},
    {file = "mysql_connector_python-8.0.22-cp36-cp36m-macosx_10_14_x86_64.whl", hash = "sha256:b487375adf2e9772be357c7204a051c71055b9b145fa6ef205421884e8879b15"},
    {file = "mysql_connector_python-8.0.22-cp36-cp36m-manylinux1_i686.whl", hash = "sha256:8a855b120c6ae39410942c423767a61df01288f3dc9c38a545e221df392f7da3"},
    {file = "mysql_connector_python-8.0.22-cp36-cp36m-manylinux1_x86_64.whl", hash = "sha256:17f6c352e2d4bc1dad69228c7382fc1b77e335a0ed765f8f4a23b97770c109c7"},
    {file = "mysql_connector_python-8.0.22-cp36-cp36m-win_amd64.whl", hash = "sha256:9a8acbc96e3eea0605ea31bb6235836c6be62400b5331939c6dea67239e163de"},
    {file = "mysql_connector_python-8.0.22-cp37-cp37m-macosx_10_14_x86_64.whl", hash = "sha256:bad73f974e7d281f686d2551ddd778154e742d8c6547cf62c9f3e491c928053f"},
    {file = "mysql_connector_python-8.0.22-cp37-cp37m-manylinux1_i686.whl", hash = "sha256:ea5902baa08c5f12a5efe1d93bc47f1d1cd2136346567cde05ef5a11669e6fae"},
    {file = "mysql_connector_python-8.0.22-cp37-cp37m-manylinux1_x86_64.whl", hash = "sha256:9879536b47b61632263e42ad793a39a4d67c48d6b2449fe62da84a7e4a71a998"},
    {file = "mysql_connector_python-8.0.22-cp37-cp37m-win_amd64.whl", hash = "sha256:2e712dd9f2c9f9a16dffa8c0d5908a5a89c6e36533090bde8970ec9cf994d8fe"},
    {file = "mysql_connector_python-8.0.22-cp38-cp38-macosx_10_14_x86_64.whl", hash = "sha256:7622b7a37c7b94568ca62f130eb182f0b6fc8c0637f7909eed32dd726b611820"},
    {file = "mysql_connector_python-8.0.22-cp38-cp38-manylinux1_i686.whl", hash = "sha256:291449ab49e347acf1aa002f78ed0561436dd21c61c66fa5b318de6c503affeb"},
    {file = "mysql_connector_python-8.0.22-cp38-cp38-manylinux1_x86_64.whl", hash = "sha256:5517802ed71c4d07cfd7e73d4301d45410cdf4b1982e457b4c6abeaa6cf63fac"},
    {file = "mysql_connector_python-8.0.22-cp38-cp38-win_amd64.whl", hash = "sha256:93a4f4589c11c6b93f29b78f161afe53db93e9b4862f4b7fd846c59551fe8585"},
    {file = "mysql_connector_python-8.0.22-py2.py3-none-any.whl", hash = "sha256:29702ceeb4d9462c61064c5e8d04eec7af25ac3d8db73c52ea04b9bd2fb655d5"},
]

[package.dependencies]
protobuf = ">=3.0.0"

[package.extras]
compression = ["lz4 (>=2.1.6)", "zstandard (>=0.12.0)"]
dns-srv = ["dnspython (>=1.16.0)"]

[[package]]
name = "paramiko"
version = "2.7.2"
description = "SSH2 protocol library"
optional = false
python-versions = "*"
files = [
    {file = "paramiko-2.7.2-py2.py3-none-any.whl", hash = "sha256:4f3e316fef2ac628b05097a637af35685183111d4bc1b5979bd397c2ab7b5898"},
    {file = "paramiko-2.7.2.tar.gz", hash = "sha256:7f36f4ba2c0d81d219f4595e35f70d56cc94f9ac40a6acdf51d6ca210ce65035"},
]

[package.dependencies]
bcrypt = ">=3.1.3"
cryptography = ">=2.5"
pynacl = ">=1.0.1"

[package.extras]
all = ["bcrypt (>=3.1.3)", "gssapi (>=1.4.1)", "invoke (>=1.3)", "pyasn1 (>=0.1.7)", "pynacl (>=1.0.1)", "pywin32 (>=2.1.8)"]
ed25519 = ["bcrypt (>=3.1.3)", "pynacl (>=1.0.1)"]
gssapi = ["gssapi (>=1.4.1)", "pyasn1 (>=0.1.7)", "pywin32 (>=2.1.8)"]
invoke = ["invoke (>=1.3)"]

[[package]]
name = "protobuf"
version = "3.15.0"
description = "Protocol Buffers"
optional = false
python-versions = "*"
files = [
    {file = "protobuf-3.15.0-cp27-cp27m-macosx_10_9_x86_64.whl", hash = "sha256:44d824adb48fe8baf81e628c2edaf9911912cd592a83621d2b877ccfde631d61"},
    {file = "protobuf-3.15.0-cp27-cp27mu-manylinux1_x86_64.whl", hash = "sha256:b04449133e31b65924650d758efbc2397c2d0e5eb3c8cae7428ffc4fa9c3403d"},
    {file = "protobuf-3.15.0-cp35-cp35m-macosx_10_9_intel.whl", hash = "sha256:ef69a10d45529a08367e70e736b3ce8e2af51360f23650ef1d4381ff9038467a"},
    {file = "protobuf-3.15.0-cp35-cp35m-manylinux1_x86_64.whl", hash = "sha256:50f28efa66232a2fbbdd638dd61d9399ff66bcfde40ff305263b229692928081"},
    {file = "protobuf-3.15.0-cp35-cp35m-win32.whl", hash = "sha256:25f0ee57684f7bc3f0511b73cf55c016a891d09079c357794759663fe3da9cd3"},
    {file = "protobuf-3.15.0-cp35-cp35m-win_amd64.whl", hash = "sha256:94b34486986d7683e83f9d02a0112533263fc20fae54fff3f4fd69451e682ec7"},
    {file = "protobuf-3.15.0-cp36-cp36m-macosx_10_9_x86_64.whl", hash = "sha256:11f192d491613f692b3ddc18f06c925785b3019c8e35d32c811421ca9ff7d50e"},
    {file = "protobuf-3.15.0-cp36-cp36m-manylinux1_x86_64.whl", hash = "sha256:867635c1d541ce336a1a4df3379d1116f02eba6dc326d080c8ef02f34036c415"},
    {file = "protobuf-3.15.0-cp36-cp36m-win32.whl", hash = "sha256:f6d10b1f86cebb8008a256f474948fc6204391e02a9c12935eebf036bbb07b65"},
    {file = "protobuf-3.15.0-cp36-cp36m-win_amd64.whl", hash = "sha256:5c2ee13f5ea237a17bd81f52f972b7d334c0a43330d2a2a7b25b07f16eb146d8"},
    {file = "protobuf-3.15.0-cp37-cp37m-macosx_10_9_x86_64.whl", hash = "sha256:2ccc0169b5145b3af676b6997be6fe62961edfc12bb524a7b9c46fb5d208a3d4"},
    {file = "protobuf-3.15.0-cp37-cp37m-manylinux1_x86_64.whl", hash = "sha256:51e080fb1de5db54b0a6b1519ba8dda55e57404b0a4948e58f1342a3e15d89ec"},
    {file = "protobuf-3.15.0-cp37-cp37m-win32.whl", hash = "sha256:d892e487bd544463ce1e656434591593f710169335ac3f02ce30ee866c2f2464"},
    {file = "protobuf-3.15.0-cp37-cp37m-win_amd64.whl", hash = "sha256:40f031f79b0254aa62082ca87776c0959d85adf99f09cdef9d0b320bb772a609"},
    {file = "protobuf-3.15.0-cp38-cp38-macosx_10_9_x86_64.whl", hash = "sha256:ae4bcd5a0ce3f77d0523c3e5ed0d04ed2af454f7bf7cef08cb7a8d0915ac80a9"},
    {file = "protobuf-3.15.0-cp38-cp38-manylinux1_x86_64.whl", hash = "sha256:830a9c71df347b3fb3cd24ec985c4ed64f6e75983f543a1d8a3c96302dae915c"},
    {file = "protobuf-3.15.0-cp39-cp39-macosx_10_9_x86_64.whl", hash = "sha256:fecf1b00ccc87bb8debca8b56458cc57c486d2d7afe22c7526728f79ffe232f4"},
    {file = "protobuf-3.15.0-cp39-cp39-manylinux1_x86_64.whl", hash = "sha256:0e00b4e4a4800b389ae7f0058e1fc9d012444fdde926569d8cce55c84a01ef74"},
    {file = "protobuf-3.15.0-py2.py3-none-any.whl", hash = "sha256:013a9ec4dccad9a6ed3aa1ad9e86a25a4e0d6d3bbe059b6f6502db20473c3e69"},
    {file = "protobuf-3.15.0.tar.gz", hash = "sha256:e9f13fadb15b80e4a83ef5d9fa44e19243b1e2d96e84ee2228ca305180ca059e"},
]

[package.dependencies]
six = ">=1.9"

[[package]]
name = "pycparser"
version = "2.20"
description = "C parser in Python"
optional = false
python-versions = ">=2.7, !=3.0.*, !=3.1.*, !=3.2.*, !=3.3.*"
files = [
    {file = "pycparser-2.20-py2.py3-none-any.whl", hash = "sha256:7582ad22678f0fcd81102833f60ef8d0e57288b6b5fb00323d101be910e35705"},
    {file = "pycparser-2.20.tar.gz", hash = "sha256:2d475327684562c3a96cc71adf7dc8c4f0565175cf86b6d7a404ff4c771f15f0"},
]

[[package]]
name = "pymysql"
version = "0.10.1"
description = "Pure Python MySQL Driver"
optional = false
python-versions = "*"
files = [
    {file = "PyMySQL-0.10.1-py2.py3-none-any.whl", hash = "sha256:44f47128dda8676e021c8d2dbb49a82be9e4ab158b9f03e897152a3a287c69ea"},
    {file = "PyMySQL-0.10.1.tar.gz", hash = "sha256:263040d2779a3b84930f7ac9da5132be0fefcd6f453a885756656103f8ee1fdd"},
]

[package.extras]
ed25519 = ["PyNaCl (>=1.4.0)"]
rsa = ["cryptography"]

[[package]]
name = "pynacl"
version = "1.4.0"
description = "Python binding to the Networking and Cryptography (NaCl) library"
optional = false
python-versions = ">=2.7, !=3.0.*, !=3.1.*, !=3.2.*, !=3.3.*"
files = [
    {file = "PyNaCl-1.4.0-cp27-cp27m-macosx_10_10_x86_64.whl", hash = "sha256:ea6841bc3a76fa4942ce00f3bda7d436fda21e2d91602b9e21b7ca9ecab8f3ff"},
    {file = "PyNaCl-1.4.0-cp27-cp27m-manylinux1_x86_64.whl", hash = "sha256:d452a6746f0a7e11121e64625109bc4468fc3100452817001dbe018bb8b08514"},
    {file = "PyNaCl-1.4.0-cp27-cp27m-win32.whl", hash = "sha256:2fe0fc5a2480361dcaf4e6e7cea00e078fcda07ba45f811b167e3f99e8cff574"},
    {file = "PyNaCl-1.4.0-cp27-cp27m-win_amd64.whl", hash = "sha256:f8851ab9041756003119368c1e6cd0b9c631f46d686b3904b18c0139f4419f80"},
    {file = "PyNaCl-1.4.0-cp27-cp27mu-manylinux1_x86_64.whl", hash = "sha256:7757ae33dae81c300487591c68790dfb5145c7d03324000433d9a2c141f82af7"},
    {file = "PyNaCl-1.4.0-cp35-abi3-macosx_10_10_x86_64.whl", hash = "sha256:757250ddb3bff1eecd7e41e65f7f833a8405fede0194319f87899690624f2122"},
    {file = "PyNaCl-1.4.0-cp35-abi3-manylinux1_x86_64.whl", hash = "sha256:30f9b96db44e09b3304f9ea95079b1b7316b2b4f3744fe3aaecccd95d547063d"},
    {file = "PyNaCl-1.4.0-cp35-abi3-win32.whl", hash = "sha256:4e10569f8cbed81cb7526ae137049759d2a8d57726d52c1a000a3ce366779634"},
    {file = "PyNaCl-1.4.0-cp35-abi3-win_amd64.whl", hash = "sha256:c914f78da4953b33d4685e3cdc7ce63401247a21425c16a39760e282075ac4a6"},
    {file = "PyNaCl-1.4.0-cp35-cp35m-win32.whl", hash = "sha256:06cbb4d9b2c4bd3c8dc0d267416aaed79906e7b33f114ddbf0911969794b1cc4"},
    {file = "PyNaCl-1.4.0-cp35-cp35m-win_amd64.whl", hash = "sha256:511d269ee845037b95c9781aa702f90ccc36036f95d0f31373a6a79bd8242e25"},
    {file = "PyNaCl-1.4.0-cp36-cp36m-win32.whl", hash = "sha256:11335f09060af52c97137d4ac54285bcb7df0cef29014a1a4efe64ac065434c4"},
    {file = "PyNaCl-1.4.0-cp36-cp36m-win_amd64.whl", hash = "sha256:cd401ccbc2a249a47a3a1724c2918fcd04be1f7b54eb2a5a71ff915db0ac51c6"},
    {file = "PyNaCl-1.4.0-cp37-cp37m-win32.whl", hash = "sha256:8122ba5f2a2169ca5da936b2e5a511740ffb73979381b4229d9188f6dcb22f1f"},
    {file = "PyNaCl-1.4.0-cp37-cp37m-win_amd64.whl", hash = "sha256:537a7ccbea22905a0ab36ea58577b39d1fa9b1884869d173b5cf111f006f689f"},
    {file = "PyNaCl-1.4.0-cp38-cp38-win32.whl", hash = "sha256:9c4a7ea4fb81536c1b1f5cc44d54a296f96ae78c1ebd2311bd0b60be45a48d96"},
    {file = "PyNaCl-1.4.0-cp38-cp38-win_amd64.whl", hash = "sha256:7c6092102219f59ff29788860ccb021e80fffd953920c4a8653889c029b2d420"},
    {file = "PyNaCl-1.4.0.tar.gz", hash = "sha256:54e9a2c849c742006516ad56a88f5c74bf2ce92c9f67435187c3c5953b346505"},
]

[package.dependencies]
cffi = ">=1.4.1"
six = "*"

[package.extras]
docs = ["sphinx (>=1.6.5)", "sphinx-rtd-theme"]
tests = ["hypothesis (>=3.27.0)", "pytest (>=3.2.1,!=3.3.0)"]

[[package]]
name = "pysftp"
version = "0.2.9"
description = "A friendly face on SFTP"
optional = false
python-versions = "*"
files = [
    {file = "pysftp-0.2.9.tar.gz", hash = "sha256:fbf55a802e74d663673400acd92d5373c1c7ee94d765b428d9f977567ac4854a"},
]

[package.dependencies]
paramiko = ">=1.17"

[[package]]
name = "requests"
version = "2.25.0"
description = "Python HTTP for Humans."
optional = false
python-versions = ">=2.7, !=3.0.*, !=3.1.*, !=3.2.*, !=3.3.*, !=3.4.*"
files = [
    {file = "requests-2.25.0-py2.py3-none-any.whl", hash = "sha256:e786fa28d8c9154e6a4de5d46a1d921b8749f8b74e28bde23768e5e16eece998"},
    {file = "requests-2.25.0.tar.gz", hash = "sha256:7f1a0b932f4a60a1a65caa4263921bb7d9ee911957e0ae4a23a6dd08185ad5f8"},
]

[package.dependencies]
certifi = ">=2017.4.17"
chardet = ">=3.0.2,<4"
idna = ">=2.5,<3"
urllib3 = ">=1.21.1,<1.27"

[package.extras]
security = ["cryptography (>=1.3.4)", "pyOpenSSL (>=0.14)"]
socks = ["PySocks (>=1.5.6,!=1.5.7)", "win-inet-pton"]

[[package]]
name = "six"
version = "1.15.0"
description = "Python 2 and 3 compatibility utilities"
optional = false
python-versions = ">=2.7, !=3.0.*, !=3.1.*, !=3.2.*"
files = [
    {file = "six-1.15.0-py2.py3-none-any.whl", hash = "sha256:8b74bedcbbbaca38ff6d7491d76f2b06b3592611af620f8426e82dddb04a5ced"},
    {file = "six-1.15.0.tar.gz", hash = "sha256:30639c035cdb23534cd4aa2dd52c3bf48f06e5f4a941509c8bafd8ce11080259"},
]

[[package]]
name = "urllib3"
version = "1.26.5"
description = "HTTP library with thread-safe connection pooling, file post, and more."
optional = false
python-versions = ">=2.7, !=3.0.*, !=3.1.*, !=3.2.*, !=3.3.*, !=3.4.*, <4"
files = [
    {file = "urllib3-1.26.5-py2.py3-none-any.whl", hash = "sha256:753a0374df26658f99d826cfe40394a686d05985786d946fbe4165b5148f5a7c"},
    {file = "urllib3-1.26.5.tar.gz", hash = "sha256:a7acd0977125325f516bda9735fa7142b909a8d01e8b2e4c8108d0984e6e0098"},
]

[package.extras]
brotli = ["brotlipy (>=0.6.0)"]
secure = ["certifi", "cryptography (>=1.3.4)", "idna (>=2.0.0)", "ipaddress", "pyOpenSSL (>=0.14)"]
socks = ["PySocks (>=1.5.6,!=1.5.7,<2.0)"]

[metadata]
lock-version = "2.0"
python-versions = "^3.8"
content-hash = "b4dae843cbd684a8f332f3ceed1935dcd9388c4147f4377e0beb10ec9fb1aa94"
